Microsoft Visual Studio Solution File, Format Version 8.00
Project("{8BC9CEB8-8B4A-11D0-8D11-00A0C91BC942}") = "tolower.cpp", "tolower.cpp.vcproj", "{6AD1A776-4E8A-4293-9C59-D1495CE5B42B}"
	ProjectSection(ProjectDependencies) = postProject
	EndProjectSection
EndProject
Global
	GlobalSection(SolutionConfiguration) = preSolution
		Debug = Debug
		Release = Release
	EndGlobalSection
	GlobalSection(ProjectConfiguration) = postSolution
		{6AD1A776-4E8A-4293-9C59-D1495CE5B42B}.Debug.ActiveCfg = Debug|Win32
		{6AD1A776-4E8A-4293-9C59-D1495CE5B42B}.Debug.Build.0 = Debug|Win32
		{6AD1A776-4E8A-4293-9C59-D1495CE5B42B}.Release.ActiveCfg = Release|Win32
		{6AD1A776-4E8A-4293-9C59-D1495CE5B42B}.Release.Build.0 = Release|Win32
	EndGlobalSection
	GlobalSection(ExtensibilityGlobals) = postSolution
	EndGlobalSection
	GlobalSection(ExtensibilityAddIns) = postSolution
	EndGlobalSection
EndGlobal
