
Microsoft Visual Studio Solution File, Format Version 12.00
# Visual Studio Version 17
VisualStudioVersion = 17.14.36414.22 d17.14
MinimumVisualStudioVersion = 10.0.40219.1
Project("{FAE04EC0-301F-11D3-BF4B-00C04F79EFBC}") = "RWMetadata", "RWMetadata.csproj", "{106752EE-2004-408A-A78A-492E77A57034}"
EndProject
Global
	GlobalSection(SolutionConfigurationPlatforms) = preSolution
		Debug|Any CPU = Debug|Any CPU
		Release|Any CPU = Release|Any CPU
	EndGlobalSection
	GlobalSection(ProjectConfigurationPlatforms) = postSolution
		{106752EE-2004-408A-A78A-492E77A57034}.Debug|Any CPU.ActiveCfg = Debug|Any CPU
		{106752EE-2004-408A-A78A-492E77A57034}.Debug|Any CPU.Build.0 = Debug|Any CPU
		{106752EE-2004-408A-A78A-492E77A57034}.Release|Any CPU.ActiveCfg = Release|Any CPU
		{106752EE-2004-408A-A78A-492E77A57034}.Release|Any CPU.Build.0 = Release|Any CPU
	EndGlobalSection
	GlobalSection(SolutionProperties) = preSolution
		HideSolutionNode = FALSE
	EndGlobalSection
	GlobalSection(ExtensibilityGlobals) = postSolution
		SolutionGuid = {A02836C7-9795-4B2E-AD71-8C9EC195AF54}
	EndGlobalSection
EndGlobal
