
Microsoft Visual Studio Solution File, Format Version 12.00
# Visual Studio Version 17
VisualStudioVersion = 17.0.32126.317
MinimumVisualStudioVersion = 10.0.40219.1
Project("{9A19103F-16F7-4668-BE54-9A1E7A4F7556}") = "checksum_to_sql", "checksum_to_sql.csproj", "{FFAB8273-7ACF-4A1F-86C5-1FCC3B3CDEB1}"
EndProject
Project("{00D1A9C2-B5F0-4AF3-8072-F6C62B433612}") = "dupe_files", "database\dupe_files.sqlproj", "{11792BB4-9B78-4158-BCCE-E3F0CEC2938E}"
EndProject
Global
	GlobalSection(SolutionConfigurationPlatforms) = preSolution
		Debug|Any CPU = Debug|Any CPU
		Release|Any CPU = Release|Any CPU
	EndGlobalSection
	GlobalSection(ProjectConfigurationPlatforms) = postSolution
		{FFAB8273-7ACF-4A1F-86C5-1FCC3B3CDEB1}.Debug|Any CPU.ActiveCfg = Debug|Any CPU
		{FFAB8273-7ACF-4A1F-86C5-1FCC3B3CDEB1}.Debug|Any CPU.Build.0 = Debug|Any CPU
		{FFAB8273-7ACF-4A1F-86C5-1FCC3B3CDEB1}.Release|Any CPU.ActiveCfg = Release|Any CPU
		{FFAB8273-7ACF-4A1F-86C5-1FCC3B3CDEB1}.Release|Any CPU.Build.0 = Release|Any CPU
		{11792BB4-9B78-4158-BCCE-E3F0CEC2938E}.Debug|Any CPU.ActiveCfg = Debug|Any CPU
		{11792BB4-9B78-4158-BCCE-E3F0CEC2938E}.Debug|Any CPU.Build.0 = Debug|Any CPU
		{11792BB4-9B78-4158-BCCE-E3F0CEC2938E}.Debug|Any CPU.Deploy.0 = Debug|Any CPU
		{11792BB4-9B78-4158-BCCE-E3F0CEC2938E}.Release|Any CPU.ActiveCfg = Release|Any CPU
		{11792BB4-9B78-4158-BCCE-E3F0CEC2938E}.Release|Any CPU.Build.0 = Release|Any CPU
		{11792BB4-9B78-4158-BCCE-E3F0CEC2938E}.Release|Any CPU.Deploy.0 = Release|Any CPU
	EndGlobalSection
	GlobalSection(SolutionProperties) = preSolution
		HideSolutionNode = FALSE
	EndGlobalSection
	GlobalSection(ExtensibilityGlobals) = postSolution
		SolutionGuid = {FA74F72F-F14E-422A-89CD-8AA12DF35BFA}
	EndGlobalSection
EndGlobal
